
Microsoft Visual Studio Solution File, Format Version 12.00
# Visual Studio Version 17
VisualStudioVersion = 17.12.35527.113
MinimumVisualStudioVersion = 10.0.40219.1
Project("{FAE04EC0-301F-11D3-BF4B-00C04F79EFBC}") = "MusicPlayer.Server", "MusicPlayer.Server\MusicPlayer.Server.csproj", "{3D44B058-2502-4BF0-8044-71DC83A07F8D}"
EndProject
Project("{54A90642-561A-4BB1-A94E-469ADEE60C69}") = "musicplayer.client", "musicplayer.client\musicplayer.client.esproj", "{8EAA265E-B493-4678-8742-319546EB8887}"
EndProject
Global
	GlobalSection(SolutionConfigurationPlatforms) = preSolution
		Debug|Any CPU = Debug|Any CPU
		Release|Any CPU = Release|Any CPU
	EndGlobalSection
	GlobalSection(ProjectConfigurationPlatforms) = postSolution
		{3D44B058-2502-4BF0-8044-71DC83A07F8D}.Debug|Any CPU.ActiveCfg = Debug|Any CPU
		{3D44B058-2502-4BF0-8044-71DC83A07F8D}.Debug|Any CPU.Build.0 = Debug|Any CPU
		{3D44B058-2502-4BF0-8044-71DC83A07F8D}.Release|Any CPU.ActiveCfg = Release|Any CPU
		{3D44B058-2502-4BF0-8044-71DC83A07F8D}.Release|Any CPU.Build.0 = Release|Any CPU
		{8EAA265E-B493-4678-8742-319546EB8887}.Debug|Any CPU.ActiveCfg = Debug|Any CPU
		{8EAA265E-B493-4678-8742-319546EB8887}.Debug|Any CPU.Build.0 = Debug|Any CPU
		{8EAA265E-B493-4678-8742-319546EB8887}.Debug|Any CPU.Deploy.0 = Debug|Any CPU
		{8EAA265E-B493-4678-8742-319546EB8887}.Release|Any CPU.ActiveCfg = Release|Any CPU
		{8EAA265E-B493-4678-8742-319546EB8887}.Release|Any CPU.Build.0 = Release|Any CPU
		{8EAA265E-B493-4678-8742-319546EB8887}.Release|Any CPU.Deploy.0 = Release|Any CPU
	EndGlobalSection
	GlobalSection(SolutionProperties) = preSolution
		HideSolutionNode = FALSE
	EndGlobalSection
EndGlobal
